{
  "name": "sql-insert-script-in-node",
  "version": "1.0.0",
  "lockfileVersion": 2,
  "requires": true,
  "packages": {
    "": {
      "name": "sql-insert-script-in-node",
      "version": "1.0.0",
      "license": "MIT",
      "dependencies": {
        "leite": "^0.2.0"
      }
    },
    "node_modules/leite": {
      "version": "0.2.0",
      "resolved": "https://registry.npmjs.org/leite/-/leite-0.2.0.tgz",
      "integrity": "sha512-zfsUV701aC2Wgfqiq12wT3Rv2UN5TyA7HCpdM4HhWJTFP+9/L3a7XHnWsMkcTY+uRkrsObpE4PbT+B8dUlmY1g==",
      "dependencies": {
        "moment": "^2.17.0",
        "underscore": "^1.8.3"
      }
    },
    "node_modules/moment": {
      "version": "2.29.1",
      "resolved": "https://registry.npmjs.org/moment/-/moment-2.29.1.tgz",
      "integrity": "sha512-kHmoybcPV8Sqy59DwNDY3Jefr64lK/by/da0ViFcuA4DH0vQg5Q6Ze5VimxkfQNSC+Mls/Kx53s7TjP1RhFEDQ==",
      "engines": {
        "node": "*"
      }
    },
    "node_modules/underscore": {
      "version": "1.13.2",
      "resolved": "https://registry.npmjs.org/underscore/-/underscore-1.13.2.tgz",
      "integrity": "sha512-ekY1NhRzq0B08g4bGuX4wd2jZx5GnKz6mKSqFL4nqBlfyMGiG10gDFhDTMEfYmDL6Jy0FUIZp7wiRB+0BP7J2g=="
    }
  },
  "dependencies": {
    "leite": {
      "version": "0.2.0",
      "resolved": "https://registry.npmjs.org/leite/-/leite-0.2.0.tgz",
      "integrity": "sha512-zfsUV701aC2Wgfqiq12wT3Rv2UN5TyA7HCpdM4HhWJTFP+9/L3a7XHnWsMkcTY+uRkrsObpE4PbT+B8dUlmY1g==",
      "requires": {
        "moment": "^2.17.0",
        "underscore": "^1.8.3"
      }
    },
    "moment": {
      "version": "2.29.1",
      "resolved": "https://registry.npmjs.org/moment/-/moment-2.29.1.tgz",
      "integrity": "sha512-kHmoybcPV8Sqy59DwNDY3Jefr64lK/by/da0ViFcuA4DH0vQg5Q6Ze5VimxkfQNSC+Mls/Kx53s7TjP1RhFEDQ=="
    },
    "underscore": {
      "version": "1.13.2",
      "resolved": "https://registry.npmjs.org/underscore/-/underscore-1.13.2.tgz",
      "integrity": "sha512-ekY1NhRzq0B08g4bGuX4wd2jZx5GnKz6mKSqFL4nqBlfyMGiG10gDFhDTMEfYmDL6Jy0FUIZp7wiRB+0BP7J2g=="
    }
  }
}
